
Microsoft Visual Studio Solution File, Format Version 12.00
# Visual Studio Version 16
VisualStudioVersion = 16.0.30002.166
MinimumVisualStudioVersion = 10.0.40219.1
Project("{FAE04EC0-301F-11D3-BF4B-00C04F79EFBC}") = "FirmyMichalowice", "FirmyMichalowice\FirmyMichalowice.csproj", "{65A6296A-FC29-4141-BA72-CFC415C8DA62}"
EndProject
Global
	GlobalSection(SolutionConfigurationPlatforms) = preSolution
		Debug|Any CPU = Debug|Any CPU
		Release|Any CPU = Release|Any CPU
	EndGlobalSection
	GlobalSection(ProjectConfigurationPlatforms) = postSolution
		{65A6296A-FC29-4141-BA72-CFC415C8DA62}.Debug|Any CPU.ActiveCfg = Debug|Any CPU
		{65A6296A-FC29-4141-BA72-CFC415C8DA62}.Debug|Any CPU.Build.0 = Debug|Any CPU
		{65A6296A-FC29-4141-BA72-CFC415C8DA62}.Release|Any CPU.ActiveCfg = Release|Any CPU
		{65A6296A-FC29-4141-BA72-CFC415C8DA62}.Release|Any CPU.Build.0 = Release|Any CPU
	EndGlobalSection
	GlobalSection(SolutionProperties) = preSolution
		HideSolutionNode = FALSE
	EndGlobalSection
	GlobalSection(ExtensibilityGlobals) = postSolution
		SolutionGuid = {003DE449-67E6-4DA6-8E08-C543CA1A98E1}
	EndGlobalSection
EndGlobal
